%{
  "arc": {:hex, :arc, "0.11.0", "ac7a0cc03035317b6fef9fe94c97d7d9bd183a3e7ce1606aa0c175cfa8d1ba6d", [:mix], [{:ex_aws, "~> 2.0", [hex: :ex_aws, repo: "hexpm", optional: true]}, {:ex_aws_s3, "~> 2.0", [hex: :ex_aws_s3, repo: "hexpm", optional: true]}, {:hackney, "~> 1.0", [hex: :hackney, repo: "hexpm", optional: false]}, {:poison, "~> 2.2 or ~> 3.1", [hex: :poison, repo: "hexpm", optional: true]}, {:sweet_xml, "~> 0.6", [hex: :sweet_xml, repo: "hexpm", optional: true]}], "hexpm", "e91a8bd676fca716f6e46275ae81fb96c0bbc7a9d5b96cac511ae190588eddd0"},
  "arc_ecto": {:hex, :arc_ecto, "0.11.3", "52f278330fe3a29472ce5d9682514ca09eaed4b33453cbaedb5241a491464f7d", [:mix], [{:arc, "~> 0.11.0", [hex: :arc, repo: "hexpm", optional: false]}, {:ecto, ">= 2.1.0", [hex: :ecto, repo: "hexpm", optional: false]}], "hexpm", "24beed35003707434a778caece7d71e46e911d46d1e82e7787345264fc8e96d0"},
  "artificery": {:hex, :artificery, "0.4.3", "0bc4260f988dcb9dda4b23f9fc3c6c8b99a6220a331534fdf5bf2fd0d4333b02", [:mix], [], "hexpm", "12e95333a30e20884e937abdbefa3e7f5e05609c2ba8cf37b33f000b9ffc0504"},
  "bamboo": {:hex, :bamboo, "2.5.0", "973f5cb1471a1d2d7d9da7b8e4f6096afb6a133f85394631184fd40be8adb8ab", [:mix], [{:hackney, ">= 1.15.2", [hex: :hackney, repo: "hexpm", optional: false]}, {:jason, "~> 1.0", [hex: :jason, repo: "hexpm", optional: true]}, {:mime, "~> 1.4 or ~> 2.0", [hex: :mime, repo: "hexpm", optional: false]}, {:plug, "~> 1.0", [hex: :plug, repo: "hexpm", optional: false]}], "hexpm", "35c8635ff6677a81ab7258944ff15739280f3254a041b6f0229dddeb9b90ad3d"},
  "bamboo_phoenix": {:hex, :bamboo_phoenix, "1.0.0", "f3cc591ffb163ed0bf935d256f1f4645cd870cf436545601215745fb9cc9953f", [:mix], [{:bamboo, ">= 2.0.0", [hex: :bamboo, repo: "hexpm", optional: false]}, {:phoenix, ">= 1.3.0", [hex: :phoenix, repo: "hexpm", optional: false]}], "hexpm", "6db88fbb26019c84a47994bb2bd879c0887c29ce6c559bc6385fd54eb8b37dee"},
  "bamboo_ses": {:hex, :bamboo_ses, "0.4.5", "f974bc8321b1520ff042c3415b1f296a5fb3f77c8240bc6721ac73554cf6fbd2", [:mix], [{:bamboo, "~> 2.0", [hex: :bamboo, repo: "hexpm", optional: false]}, {:ex_aws, "~> 2.4", [hex: :ex_aws, repo: "hexpm", optional: false]}, {:gen_smtp, "~> 1.2.0", [hex: :gen_smtp, repo: "hexpm", optional: false]}, {:jason, "~> 1.1", [hex: :jason, repo: "hexpm", optional: false]}], "hexpm", "ea3e82b35a7a255690753824392e8eb25f5bf884cfec416deb9a81bbeb1b503b"},
  "blankable": {:hex, :blankable, "1.0.0", "89ab564a63c55af117e115144e3b3b57eb53ad43ba0f15553357eb283e0ed425", [:mix], [], "hexpm", "7cf11aac0e44f4eedbee0c15c1d37d94c090cb72a8d9fddf9f7aec30f9278899"},
  "bunt": {:hex, :bunt, "0.2.1", "e2d4792f7bc0ced7583ab54922808919518d0e57ee162901a16a1b6664ef3b14", [:mix], [], "hexpm", "a330bfb4245239787b15005e66ae6845c9cd524a288f0d141c148b02603777a5"},
  "bypass": {:hex, :bypass, "2.1.0", "909782781bf8e20ee86a9cabde36b259d44af8b9f38756173e8f5e2e1fabb9b1", [:mix], [{:plug, "~> 1.7", [hex: :plug, repo: "hexpm", optional: false]}, {:plug_cowboy, "~> 2.0", [hex: :plug_cowboy, repo: "hexpm", optional: false]}, {:ranch, "~> 1.3", [hex: :ranch, repo: "hexpm", optional: false]}], "hexpm", "d9b5df8fa5b7a6efa08384e9bbecfe4ce61c77d28a4282f79e02f1ef78d96b80"},
  "castore": {:hex, :castore, "1.0.14", "4582dd7d630b48cf5e1ca8d3d42494db51e406b7ba704e81fbd401866366896a", [:mix], [], "hexpm", "7bc1b65249d31701393edaaac18ec8398d8974d52c647b7904d01b964137b9f4"},
  "certifi": {:hex, :certifi, "2.15.0", "0e6e882fcdaaa0a5a9f2b3db55b1394dba07e8d6d9bcad08318fb604c6839712", [:rebar3], [], "hexpm", "b147ed22ce71d72eafdad94f055165c1c182f61a2ff49df28bcc71d1d5b94a60"},
  "combine": {:hex, :combine, "0.10.0", "eff8224eeb56498a2af13011d142c5e7997a80c8f5b97c499f84c841032e429f", [:mix], [], "hexpm", "1b1dbc1790073076580d0d1d64e42eae2366583e7aecd455d1215b0d16f2451b"},
  "configparser_ex": {:hex, :configparser_ex, "4.0.0", "17e2b831cfa33a08c56effc610339b2986f0d82a9caa0ed18880a07658292ab6", [:mix], [], "hexpm", "02e6d1a559361a063cba7b75bc3eb2d6ad7e62730c551cc4703541fd11e65e5b"},
  "connection": {:hex, :connection, "1.1.0", "ff2a49c4b75b6fb3e674bfc5536451607270aac754ffd1bdfe175abe4a6d7a68", [:mix], [], "hexpm", "722c1eb0a418fbe91ba7bd59a47e28008a189d47e37e0e7bb85585a016b2869c"},
  "corsica": {:hex, :corsica, "2.1.3", "dccd094ffce38178acead9ae743180cdaffa388f35f0461ba1e8151d32e190e6", [:mix], [{:plug, "~> 1.0", [hex: :plug, repo: "hexpm", optional: false]}, {:telemetry, "~> 0.4.0 or ~> 1.0", [hex: :telemetry, repo: "hexpm", optional: false]}], "hexpm", "616c08f61a345780c2cf662ff226816f04d8868e12054e68963e95285b5be8bc"},
  "cowboy": {:hex, :cowboy, "2.13.0", "09d770dd5f6a22cc60c071f432cd7cb87776164527f205c5a6b0f24ff6b38990", [:make, :rebar3], [{:cowlib, ">= 2.14.0 and < 3.0.0", [hex: :cowlib, repo: "hexpm", optional: false]}, {:ranch, ">= 1.8.0 and < 3.0.0", [hex: :ranch, repo: "hexpm", optional: false]}], "hexpm", "e724d3a70995025d654c1992c7b11dbfea95205c047d86ff9bf1cda92ddc5614"},
  "cowboy_telemetry": {:hex, :cowboy_telemetry, "0.4.0", "f239f68b588efa7707abce16a84d0d2acf3a0f50571f8bb7f56a15865aae820c", [:rebar3], [{:cowboy, "~> 2.7", [hex: :cowboy, repo: "hexpm", optional: false]}, {:telemetry, "~> 1.0", [hex: :telemetry, repo: "hexpm", optional: false]}], "hexpm", "7d98bac1ee4565d31b62d59f8823dfd8356a169e7fcbb83831b8a5397404c9de"},
  "cowlib": {:hex, :cowlib, "2.15.0", "3c97a318a933962d1c12b96ab7c1d728267d2c523c25a5b57b0f93392b6e9e25", [:make, :rebar3], [], "hexpm", "4f00c879a64b4fe7c8fcb42a4281925e9ffdb928820b03c3ad325a617e857532"},
  "credo": {:hex, :credo, "1.7.12", "9e3c20463de4b5f3f23721527fcaf16722ec815e70ff6c60b86412c695d426c1", [:mix], [{:bunt, "~> 0.2.1 or ~> 1.0", [hex: :bunt, repo: "hexpm", optional: false]}, {:file_system, "~> 0.2 or ~> 1.0", [hex: :file_system, repo: "hexpm", optional: false]}, {:jason, "~> 1.0", [hex: :jason, repo: "hexpm", optional: false]}], "hexpm", "8493d45c656c5427d9c729235b99d498bd133421f3e0a683e5c1b561471291e5"},
  "crontab": {:hex, :crontab, "1.1.13", "3bad04f050b9f7f1c237809e42223999c150656a6b2afbbfef597d56df2144c5", [:mix], [{:ecto, "~> 1.0 or ~> 2.0 or ~> 3.0", [hex: :ecto, repo: "hexpm", optional: true]}], "hexpm", "d67441bec989640e3afb94e123f45a2bc42d76e02988c9613885dc3d01cf7085"},
  "csv": {:hex, :csv, "3.2.2", "452f96414b39a176b7c390af6d8b78f15130dc6167fe3b836729131f515d843e", [:mix], [], "hexpm", "cbf256ff74a3fa01d9ec420d07b19c90d410ed9fe5b6d6e1bc7662edf35bc574"},
  "db_connection": {:hex, :db_connection, "2.8.0", "64fd82cfa6d8e25ec6660cea73e92a4cbc6a18b31343910427b702838c4b33b2", [:mix], [{:telemetry, "~> 0.4 or ~> 1.0", [hex: :telemetry, repo: "hexpm", optional: false]}], "hexpm", "008399dae5eee1bf5caa6e86d204dcb44242c82b1ed5e22c881f2c34da201b15"},
  "decimal": {:hex, :decimal, "2.3.0", "3ad6255aa77b4a3c4f818171b12d237500e63525c2fd056699967a3e7ea20f62", [:mix], [], "hexpm", "a4d66355cb29cb47c3cf30e71329e58361cfcb37c34235ef3bf1d7bf3773aeac"},
  "dialyxir": {:hex, :dialyxir, "1.4.5", "ca1571ac18e0f88d4ab245f0b60fa31ff1b12cbae2b11bd25d207f865e8ae78a", [:mix], [{:erlex, ">= 0.2.7", [hex: :erlex, repo: "hexpm", optional: false]}], "hexpm", "b0fb08bb8107c750db5c0b324fa2df5ceaa0f9307690ee3c1f6ba5b9eb5d35c3"},
  "distillery": {:hex, :distillery, "2.1.1", "f9332afc2eec8a1a2b86f22429e068ef35f84a93ea1718265e740d90dd367814", [:mix], [{:artificery, "~> 0.2", [hex: :artificery, repo: "hexpm", optional: false]}], "hexpm", "bbc7008b0161a6f130d8d903b5b3232351fccc9c31a991f8fcbf2a12ace22995"},
  "ecto": {:hex, :ecto, "3.11.2", "e1d26be989db350a633667c5cda9c3d115ae779b66da567c68c80cfb26a8c9ee", [:mix], [{:decimal, "~> 2.0", [hex: :decimal, repo: "hexpm", optional: false]}, {:jason, "~> 1.0", [hex: :jason, repo: "hexpm", optional: true]}, {:telemetry, "~> 0.4 or ~> 1.0", [hex: :telemetry, repo: "hexpm", optional: false]}], "hexpm", "3c38bca2c6f8d8023f2145326cc8a80100c3ffe4dcbd9842ff867f7fc6156c65"},
  "ecto_enum": {:hex, :ecto_enum, "1.4.0", "d14b00e04b974afc69c251632d1e49594d899067ee2b376277efd8233027aec8", [:mix], [{:ecto, ">= 3.0.0", [hex: :ecto, repo: "hexpm", optional: false]}, {:ecto_sql, "> 3.0.0", [hex: :ecto_sql, repo: "hexpm", optional: false]}, {:mariaex, ">= 0.0.0", [hex: :mariaex, repo: "hexpm", optional: true]}, {:postgrex, ">= 0.0.0", [hex: :postgrex, repo: "hexpm", optional: true]}], "hexpm", "8fb55c087181c2b15eee406519dc22578fa60dd82c088be376d0010172764ee4"},
  "ecto_sql": {:hex, :ecto_sql, "3.11.3", "4eb7348ff8101fbc4e6bbc5a4404a24fecbe73a3372d16569526b0cf34ebc195", [:mix], [{:db_connection, "~> 2.4.1 or ~> 2.5", [hex: :db_connection, repo: "hexpm", optional: false]}, {:ecto, "~> 3.11.0", [hex: :ecto, repo: "hexpm", optional: false]}, {:myxql, "~> 0.6", [hex: :myxql, repo: "hexpm", optional: true]}, {:postgrex, "~> 0.16 or ~> 1.0", [hex: :postgrex, repo: "hexpm", optional: true]}, {:tds, "~> 2.1.1 or ~> 2.2", [hex: :tds, repo: "hexpm", optional: true]}, {:telemetry, "~> 0.4.0 or ~> 1.0", [hex: :telemetry, repo: "hexpm", optional: false]}], "hexpm", "e5f36e3d736b99c7fee3e631333b8394ade4bafe9d96d35669fca2d81c2be928"},
  "eiconv": {:hex, :eiconv, "1.0.0", "ee1e47ee37799a05beff7a68d61f63cccc93101833c4fb94b454c23b12a21629", [:rebar3], [], "hexpm", "8c80851decf72fc4571a70278d7932e9a87437770322077ecf797533fbb792cd"},
  "erlex": {:hex, :erlex, "0.2.7", "810e8725f96ab74d17aac676e748627a07bc87eb950d2b83acd29dc047a30595", [:mix], [], "hexpm", "3ed95f79d1a844c3f6bf0cea61e0d5612a42ce56da9c03f01df538685365efb0"},
  "esaml": {:hex, :esaml, "4.6.0", "8fb5a3a0d56ccfce3e081a2f72b29058511047a2abbafb64cb6f595bf7465124", [:rebar3], [{:cowboy, "< 3.0.0", [hex: :cowboy, repo: "hexpm", optional: false]}], "hexpm", "d34d0b259cd8ac8215fd2c333fac9dbbb91b5f5da5a9304508612ff3ac0afa7a"},
  "ex2ms": {:hex, :ex2ms, "1.7.0", "45b9f523d0b777667ded60070d82d871a37e294f0b6c5b8eca86771f00f82ee1", [:mix], [], "hexpm", "2589eee51f81f1b1caa6d08c990b1ad409215fe6f64c73f73c67d36ed10be827"},
  "ex_aws": {:hex, :ex_aws, "2.5.9", "8e2455172f0e5cbe2f56dd68de514f0dae6bb26d6b6e2f435a06434cf9dbb412", [:mix], [{:configparser_ex, "~> 4.0", [hex: :configparser_ex, repo: "hexpm", optional: true]}, {:hackney, "~> 1.16", [hex: :hackney, repo: "hexpm", optional: true]}, {:jason, "~> 1.1", [hex: :jason, repo: "hexpm", optional: true]}, {:jsx, "~> 2.8 or ~> 3.0", [hex: :jsx, repo: "hexpm", optional: true]}, {:mime, "~> 1.2 or ~> 2.0", [hex: :mime, repo: "hexpm", optional: false]}, {:req, "~> 0.5.10 or ~> 0.6 or ~> 1.0", [hex: :req, repo: "hexpm", optional: true]}, {:sweet_xml, "~> 0.7", [hex: :sweet_xml, repo: "hexpm", optional: true]}, {:telemetry, "~> 0.4.3 or ~> 1.0", [hex: :telemetry, repo: "hexpm", optional: false]}], "hexpm", "cbdb6ffb0e6c6368de05ed8641fe1376298ba23354674428e5b153a541f23359"},
  "ex_aws_lambda": {:hex, :ex_aws_lambda, "2.1.0", "f28bffae6dde34ba17ef815ef50a82a1e7f3af26d36fe31dbda3a7657e0de449", [:mix], [{:ex_aws, "~> 2.0", [hex: :ex_aws, repo: "hexpm", optional: false]}], "hexpm", "25608630b8b45fe22b0237696662f88be724bc89f77ee42708a5871511f531a0"},
  "ex_aws_s3": {:hex, :ex_aws_s3, "2.4.0", "ce8decb6b523381812798396bc0e3aaa62282e1b40520125d1f4eff4abdff0f4", [:mix], [{:ex_aws, "~> 2.0", [hex: :ex_aws, repo: "hexpm", optional: false]}, {:sweet_xml, ">= 0.0.0", [hex: :sweet_xml, repo: "hexpm", optional: true]}], "hexpm", "85dda6e27754d94582869d39cba3241d9ea60b6aa4167f9c88e309dc687e56bb"},
  "ex_aws_secretsmanager": {:hex, :ex_aws_secretsmanager, "2.0.0", "deff8c12335f0160882afeb9687e55a97fddcd7d9a82fc3a6fbb270797374773", [:mix], [{:ex_aws, "~> 2.0", [hex: :ex_aws, repo: "hexpm", optional: false]}], "hexpm", "8b2838af536c32263ff797012b29e87bad73ef34f43cfa60ebca8e84576f6d45"},
  "ex_aws_sts": {:hex, :ex_aws_sts, "2.3.0", "ce48c4cba7f1595a7d544458d0202ca313124026dba7b1a0021bbb1baa3d66d0", [:mix], [{:ex_aws, "~> 2.2", [hex: :ex_aws, repo: "hexpm", optional: false]}], "hexpm", "f14e4c7da3454514bf253b331e9422d25825485c211896ab3b81d2a4bdbf62f5"},
  "ex_json_schema": {:hex, :ex_json_schema, "0.7.4", "09eb5b0c8184e5702bc89625a9d0c05c7a0a845d382e9f6f406a0fc1c9a8cc3f", [:mix], [], "hexpm", "45c67fa840f0d719a2b5578126dc29bcdc1f92499c0f61bcb8a3bcb5935f9684"},
  "ex_machina": {:hex, :ex_machina, "2.8.0", "a0e847b5712065055ec3255840e2c78ef9366634d62390839d4880483be38abe", [:mix], [{:ecto, "~> 2.2 or ~> 3.0", [hex: :ecto, repo: "hexpm", optional: true]}, {:ecto_sql, "~> 3.0", [hex: :ecto_sql, repo: "hexpm", optional: true]}], "hexpm", "79fe1a9c64c0c1c1fab6c4fa5d871682cb90de5885320c187d117004627a7729"},
  "ex_rated": {:hex, :ex_rated, "2.1.0", "d40e6fe35097b10222df2db7bb5dd801d57211bac65f29063de5f201c2a6aebc", [:mix], [{:ex2ms, "~> 1.5", [hex: :ex2ms, repo: "hexpm", optional: false]}], "hexpm", "936c155337253ed6474f06d941999dd3a9cf0fe767ec99a59f2d2989dc2cc13f"},
  "ex_utils": {:hex, :ex_utils, "0.1.7", "2c133e0bcdc49a858cf8dacf893308ebc05bc5fba501dc3d2935e65365ec0bf3", [:mix], [], "hexpm", "66d4fe75285948f2d1e69c2a5ddd651c398c813574f8d36a9eef11dc20356ef6"},
  "exactor": {:hex, :exactor, "2.2.4", "5efb4ddeb2c48d9a1d7c9b465a6fffdd82300eb9618ece5d34c3334d5d7245b1", [:mix], [], "hexpm", "1222419f706e01bfa1095aec9acf6421367dcfab798a6f67c54cf784733cd6b5"},
  "excoveralls": {:hex, :excoveralls, "0.18.5", "e229d0a65982613332ec30f07940038fe451a2e5b29bce2a5022165f0c9b157e", [:mix], [{:castore, "~> 1.0", [hex: :castore, repo: "hexpm", optional: true]}, {:jason, "~> 1.0", [hex: :jason, repo: "hexpm", optional: false]}], "hexpm", "523fe8a15603f86d64852aab2abe8ddbd78e68579c8525ae765facc5eae01562"},
  "exjsx": {:hex, :exjsx, "4.0.0", "60548841e0212df401e38e63c0078ec57b33e7ea49b032c796ccad8cde794b5c", [:mix], [{:jsx, "~> 2.8.0", [hex: :jsx, repo: "hexpm", optional: false]}], "hexpm", "32e95820a97cffea67830e91514a2ad53b888850442d6d395f53a1ac60c82e07"},
  "expo": {:hex, :expo, "1.1.0", "f7b9ed7fb5745ebe1eeedf3d6f29226c5dd52897ac67c0f8af62a07e661e5c75", [:mix], [], "hexpm", "fbadf93f4700fb44c331362177bdca9eeb8097e8b0ef525c9cc501cb9917c960"},
  "exvcr": {:hex, :exvcr, "0.16.0", "11579f43c88ae81f57c82ce4f09e3ebda4c40117c859ed39e61a653c3a0b4ff4", [:mix], [{:exjsx, "~> 4.0", [hex: :exjsx, repo: "hexpm", optional: false]}, {:finch, "~> 0.16", [hex: :finch, repo: "hexpm", optional: true]}, {:httpoison, "~> 1.0 or ~> 2.0", [hex: :httpoison, repo: "hexpm", optional: true]}, {:httpotion, "~> 3.1", [hex: :httpotion, repo: "hexpm", optional: true]}, {:ibrowse, "4.4.0", [hex: :ibrowse, repo: "hexpm", optional: true]}, {:meck, "~> 0.9", [hex: :meck, repo: "hexpm", optional: false]}], "hexpm", "8f576af22369942f7a1482baff1f31e2f45983cf6fac45d49d2bd2e84b4d5be8"},
  "faker": {:hex, :faker, "0.18.0", "943e479319a22ea4e8e39e8e076b81c02827d9302f3d32726c5bf82f430e6e14", [:mix], [], "hexpm", "bfbdd83958d78e2788e99ec9317c4816e651ad05e24cfd1196ce5db5b3e81797"},
  "file_system": {:hex, :file_system, "1.1.0", "08d232062284546c6c34426997dd7ef6ec9f8bbd090eb91780283c9016840e8f", [:mix], [], "hexpm", "bfcf81244f416871f2a2e15c1b515287faa5db9c6bcf290222206d120b3d43f6"},
  "gen_smtp": {:hex, :gen_smtp, "1.2.0", "9cfc75c72a8821588b9b9fe947ae5ab2aed95a052b81237e0928633a13276fd3", [:rebar3], [{:ranch, ">= 1.8.0", [hex: :ranch, repo: "hexpm", optional: false]}], "hexpm", "5ee0375680bca8f20c4d85f58c2894441443a743355430ff33a783fe03296779"},
  "gen_stage": {:hex, :gen_stage, "1.2.1", "19d8b5e9a5996d813b8245338a28246307fd8b9c99d1237de199d21efc4c76a1", [:mix], [], "hexpm", "83e8be657fa05b992ffa6ac1e3af6d57aa50aace8f691fcf696ff02f8335b001"},
  "gettext": {:hex, :gettext, "0.26.2", "5978aa7b21fada6deabf1f6341ddba50bc69c999e812211903b169799208f2a8", [:mix], [{:expo, "~> 0.5.1 or ~> 1.0", [hex: :expo, repo: "hexpm", optional: false]}], "hexpm", "aa978504bcf76511efdc22d580ba08e2279caab1066b76bb9aa81c4a1e0a32a5"},
  "git_hooks": {:hex, :git_hooks, "0.8.1", "1f6a1b065638e07ed89a49804dac6c24d8ac8d27c8f9fd0e9620d5bef8c30f41", [:mix], [{:recase, "~> 0.8.0", [hex: :recase, repo: "hexpm", optional: false]}], "hexpm", "267d8b82615ad439177b2a4bc2efadb7491ec1c8520dacc67ddc38c251448cbc"},
  "guardian": {:hex, :guardian, "2.3.2", "78003504b987f2b189d76ccf9496ceaa6a454bb2763627702233f31eb7212881", [:mix], [{:jose, "~> 1.8", [hex: :jose, repo: "hexpm", optional: false]}, {:plug, "~> 1.3.3 or ~> 1.4", [hex: :plug, repo: "hexpm", optional: true]}], "hexpm", "b189ff38cd46a22a8a824866a6867ca8722942347f13c33f7d23126af8821b52"},
  "guardian_db": {:hex, :guardian_db, "2.1.0", "ec95a9d99cdd1e550555d09a7bb4a340d8887aad0697f594590c2fd74be02426", [:mix], [{:ecto, "~> 3.0", [hex: :ecto, repo: "hexpm", optional: false]}, {:ecto_sql, "~> 3.1", [hex: :ecto_sql, repo: "hexpm", optional: false]}, {:guardian, "~> 1.0 or ~> 2.0", [hex: :guardian, repo: "hexpm", optional: false]}, {:postgrex, "~> 0.13", [hex: :postgrex, repo: "hexpm", optional: true]}], "hexpm", "f8e7d543ac92c395f3a7fd5acbe6829faeade57d688f7562e2f0fca8f94a0d70"},
  "hackney": {:hex, :hackney, "1.25.0", "390e9b83f31e5b325b9f43b76e1a785cbdb69b5b6cd4e079aa67835ded046867", [:rebar3], [{:certifi, "~> 2.15.0", [hex: :certifi, repo: "hexpm", optional: false]}, {:idna, "~> 6.1.0", [hex: :idna, repo: "hexpm", optional: false]}, {:metrics, "~> 1.0.0", [hex: :metrics, repo: "hexpm", optional: false]}, {:mimerl, "~> 1.4", [hex: :mimerl, repo: "hexpm", optional: false]}, {:parse_trans, "3.4.1", [hex: :parse_trans, repo: "hexpm", optional: false]}, {:ssl_verify_fun, "~> 1.1.0", [hex: :ssl_verify_fun, repo: "hexpm", optional: false]}, {:unicode_util_compat, "~> 0.7.1", [hex: :unicode_util_compat, repo: "hexpm", optional: false]}], "hexpm", "7209bfd75fd1f42467211ff8f59ea74d6f2a9e81cbcee95a56711ee79fd6b1d4"},
  "httpoison": {:hex, :httpoison, "1.8.2", "9eb9c63ae289296a544842ef816a85d881d4a31f518a0fec089aaa744beae290", [:mix], [{:hackney, "~> 1.17", [hex: :hackney, repo: "hexpm", optional: false]}], "hexpm", "2bb350d26972e30c96e2ca74a1aaf8293d61d0742ff17f01e0279fef11599921"},
  "idna": {:hex, :idna, "6.1.1", "8a63070e9f7d0c62eb9d9fcb360a7de382448200fbbd1b106cc96d3d8099df8d", [:rebar3], [{:unicode_util_compat, "~> 0.7.0", [hex: :unicode_util_compat, repo: "hexpm", optional: false]}], "hexpm", "92376eb7894412ed19ac475e4a86f7b413c1b9fbb5bd16dccd57934157944cea"},
  "inch_ex": {:hex, :inch_ex, "2.1.0-rc.1", "7642a8902c0d2ed5d9b5754b2fc88fedf630500d630fc03db7caca2e92dedb36", [:mix], [{:bunt, "~> 0.2", [hex: :bunt, repo: "hexpm", optional: false]}, {:jason, "~> 1.0", [hex: :jason, repo: "hexpm", optional: false]}], "hexpm", "4ceee988760f9382d1c1d0b93ea5875727f6071693e89a0a3c49c456ef1be75d"},
  "jason": {:hex, :jason, "1.4.4", "b9226785a9aa77b6857ca22832cffa5d5011a667207eb2a0ad56adb5db443b8a", [:mix], [{:decimal, "~> 1.0 or ~> 2.0", [hex: :decimal, repo: "hexpm", optional: true]}], "hexpm", "c5eb0cab91f094599f94d55bc63409236a8ec69a21a67814529e8d5f6cc90b3b"},
  "jose": {:hex, :jose, "1.11.6", "613fda82552128aa6fb804682e3a616f4bc15565a048dabd05b1ebd5827ed965", [:mix, :rebar3], [], "hexpm", "6275cb75504f9c1e60eeacb771adfeee4905a9e182103aa59b53fed651ff9738"},
  "jsx": {:hex, :jsx, "3.1.0", "d12516baa0bb23a59bb35dccaf02a1bd08243fcbb9efe24f2d9d056ccff71268", [:rebar3], [], "hexpm", "0c5cc8fdc11b53cc25cf65ac6705ad39e54ecc56d1c22e4adb8f5a53fb9427f3"},
  "logger_backends": {:hex, :logger_backends, "1.0.0", "09c4fad6202e08cb0fbd37f328282f16539aca380f512523ce9472b28edc6bdf", [:mix], [], "hexpm", "1faceb3e7ec3ef66a8f5746c5afd020e63996df6fd4eb8cdb789e5665ae6c9ce"},
  "mail": {:hex, :mail, "0.2.3", "2c6bb5f8a5f74845fa50ecd0fb45ea16b164026f285f45104f1c4c078cd616d4", [:mix], [], "hexpm", "932b398fa9c69fdf290d7ff63175826e0f1e24414d5b0763bb00a2acfc6c6bf5"},
  "meck": {:hex, :meck, "0.9.2", "85ccbab053f1db86c7ca240e9fc718170ee5bda03810a6292b5306bf31bae5f5", [:rebar3], [], "hexpm", "81344f561357dc40a8344afa53767c32669153355b626ea9fcbc8da6b3045826"},
  "memento": {:hex, :memento, "0.3.2", "38cfc8ff9bcb1adff7cbd0f3b78a762636b86dff764729d1c82d0464c539bdd0", [:mix], [], "hexpm", "25cf691a98a0cb70262f4a7543c04bab24648cb2041d937eb64154a8d6f8012b"},
  "metrics": {:hex, :metrics, "1.0.1", "25f094dea2cda98213cecc3aeff09e940299d950904393b2a29d191c346a8486", [:rebar3], [], "hexpm", "69b09adddc4f74a40716ae54d140f93beb0fb8978d8636eaded0c31b6f099f16"},
  "mime": {:hex, :mime, "2.0.7", "b8d739037be7cd402aee1ba0306edfdef982687ee7e9859bee6198c1e7e2f128", [:mix], [], "hexpm", "6171188e399ee16023ffc5b76ce445eb6d9672e2e241d2df6050f3c771e80ccd"},
  "mimerl": {:hex, :mimerl, "1.4.0", "3882a5ca67fbbe7117ba8947f27643557adec38fa2307490c4c4207624cb213b", [:rebar3], [], "hexpm", "13af15f9f68c65884ecca3a3891d50a7b57d82152792f3e19d88650aa126b144"},
  "mock": {:hex, :mock, "0.3.9", "10e44ad1f5962480c5c9b9fa779c6c63de9bd31997c8e04a853ec990a9d841af", [:mix], [{:meck, "~> 0.9.2", [hex: :meck, repo: "hexpm", optional: false]}], "hexpm", "9e1b244c4ca2551bb17bb8415eed89e40ee1308e0fbaed0a4fdfe3ec8a4adbd3"},
  "mox": {:hex, :mox, "1.2.0", "a2cd96b4b80a3883e3100a221e8adc1b98e4c3a332a8fc434c39526babafd5b3", [:mix], [{:nimble_ownership, "~> 1.0", [hex: :nimble_ownership, repo: "hexpm", optional: false]}], "hexpm", "c7b92b3cc69ee24a7eeeaf944cd7be22013c52fcb580c1f33f50845ec821089a"},
  "nimble_options": {:hex, :nimble_options, "1.1.1", "e3a492d54d85fc3fd7c5baf411d9d2852922f66e69476317787a7b2bb000a61b", [:mix], [], "hexpm", "821b2470ca9442c4b6984882fe9bb0389371b8ddec4d45a9504f00a66f650b44"},
  "nimble_ownership": {:hex, :nimble_ownership, "1.0.1", "f69fae0cdd451b1614364013544e66e4f5d25f36a2056a9698b793305c5aa3a6", [:mix], [], "hexpm", "3825e461025464f519f3f3e4a1f9b68c47dc151369611629ad08b636b73bb22d"},
  "oban": {:hex, :oban, "2.18.0", "092d20bfd3d70c7ecb70960f8548d300b54bb9937c7f2e56b388f3a9ed02ec68", [:mix], [{:ecto_sql, "~> 3.10", [hex: :ecto_sql, repo: "hexpm", optional: false]}, {:ecto_sqlite3, "~> 0.9", [hex: :ecto_sqlite3, repo: "hexpm", optional: true]}, {:jason, "~> 1.1", [hex: :jason, repo: "hexpm", optional: false]}, {:postgrex, "~> 0.16", [hex: :postgrex, repo: "hexpm", optional: true]}, {:telemetry, "~> 0.4 or ~> 1.0", [hex: :telemetry, repo: "hexpm", optional: false]}], "hexpm", "aace1eff6f8227ae38d4274af967d96f051c2f0a5152f2ef9809dd1f97866745"},
  "openai": {:hex, :openai, "0.4.1", "c141283d35fed72eaeee22397f0a3eaa93515283b3a698cd3aa0af9301bb5fc5", [:mix], [{:httpoison, "~> 1.8", [hex: :httpoison, repo: "hexpm", optional: false]}, {:jason, "~> 1.4", [hex: :jason, repo: "hexpm", optional: false]}], "hexpm", "d958993926474362715152d5d4f68444038d53e649641fe1af2fcb26ca8bbe90"},
  "openid_connect": {:hex, :openid_connect, "0.2.2", "c05055363330deab39ffd89e609db6b37752f255a93802006d83b45596189c0b", [:mix], [{:httpoison, "~> 1.2", [hex: :httpoison, repo: "hexpm", optional: false]}, {:jason, ">= 1.0.0", [hex: :jason, repo: "hexpm", optional: false]}, {:jose, "~> 1.8", [hex: :jose, repo: "hexpm", optional: false]}], "hexpm", "735769b6d592124b58edd0582554ce638524c0214cd783d8903d33357d74cc13"},
  "parallel_stream": {:hex, :parallel_stream, "1.1.0", "f52f73eb344bc22de335992377413138405796e0d0ad99d995d9977ac29f1ca9", [:mix], [], "hexpm", "684fd19191aedfaf387bbabbeb8ff3c752f0220c8112eb907d797f4592d6e871"},
  "parse_trans": {:hex, :parse_trans, "3.4.1", "6e6aa8167cb44cc8f39441d05193be6e6f4e7c2946cb2759f015f8c56b76e5ff", [:rebar3], [], "hexpm", "620a406ce75dada827b82e453c19cf06776be266f5a67cff34e1ef2cbb60e49a"},
  "phoenix": {:hex, :phoenix, "1.7.21", "14ca4f1071a5f65121217d6b57ac5712d1857e40a0833aff7a691b7870fc9a3b", [:mix], [{:castore, ">= 0.0.0", [hex: :castore, repo: "hexpm", optional: false]}, {:jason, "~> 1.0", [hex: :jason, repo: "hexpm", optional: true]}, {:phoenix_pubsub, "~> 2.1", [hex: :phoenix_pubsub, repo: "hexpm", optional: false]}, {:phoenix_template, "~> 1.0", [hex: :phoenix_template, repo: "hexpm", optional: false]}, {:phoenix_view, "~> 2.0", [hex: :phoenix_view, repo: "hexpm", optional: true]}, {:plug, "~> 1.14", [hex: :plug, repo: "hexpm", optional: false]}, {:plug_cowboy, "~> 2.7", [hex: :plug_cowboy, repo: "hexpm", optional: true]}, {:plug_crypto, "~> 1.2 or ~> 2.0", [hex: :plug_crypto, repo: "hexpm", optional: false]}, {:telemetry, "~> 0.4 or ~> 1.0", [hex: :telemetry, repo: "hexpm", optional: false]}, {:websock_adapter, "~> 0.5.3", [hex: :websock_adapter, repo: "hexpm", optional: false]}], "hexpm", "336dce4f86cba56fed312a7d280bf2282c720abb6074bdb1b61ec8095bdd0bc9"},
  "phoenix_ecto": {:hex, :phoenix_ecto, "4.6.5", "c4ef322acd15a574a8b1a08eff0ee0a85e73096b53ce1403b6563709f15e1cea", [:mix], [{:ecto, "~> 3.5", [hex: :ecto, repo: "hexpm", optional: false]}, {:phoenix_html, "~> 2.14.2 or ~> 3.0 or ~> 4.1", [hex: :phoenix_html, repo: "hexpm", optional: true]}, {:plug, "~> 1.9", [hex: :plug, repo: "hexpm", optional: false]}, {:postgrex, "~> 0.16 or ~> 1.0", [hex: :postgrex, repo: "hexpm", optional: true]}], "hexpm", "26ec3208eef407f31b748cadd044045c6fd485fbff168e35963d2f9dfff28d4b"},
  "phoenix_html": {:hex, :phoenix_html, "4.2.1", "35279e2a39140068fc03f8874408d58eef734e488fc142153f055c5454fd1c08", [:mix], [], "hexpm", "cff108100ae2715dd959ae8f2a8cef8e20b593f8dfd031c9cba92702cf23e053"},
  "phoenix_live_view": {:hex, :phoenix_live_view, "0.19.3", "3918c1b34df8ac71a9a636806ba5b7f053349a0392b312e16f35b0bf4d070aab", [:mix], [{:jason, "~> 1.0", [hex: :jason, repo: "hexpm", optional: true]}, {:phoenix, "~> 1.6.15 or ~> 1.7.0", [hex: :phoenix, repo: "hexpm", optional: false]}, {:phoenix_html, "~> 3.3", [hex: :phoenix_html, repo: "hexpm", optional: false]}, {:phoenix_template, "~> 1.0", [hex: :phoenix_template, repo: "hexpm", optional: false]}, {:phoenix_view, "~> 2.0", [hex: :phoenix_view, repo: "hexpm", optional: true]}, {:telemetry, "~> 0.4.2 or ~> 1.0", [hex: :telemetry, repo: "hexpm", optional: false]}], "hexpm", "545626887948495fd8ea23d83b75bd7aaf9dc4221563e158d2c4b52ea1dd7e00"},
  "phoenix_pubsub": {:hex, :phoenix_pubsub, "2.1.3", "3168d78ba41835aecad272d5e8cd51aa87a7ac9eb836eabc42f6e57538e3731d", [:mix], [], "hexpm", "bba06bc1dcfd8cb086759f0edc94a8ba2bc8896d5331a1e2c2902bf8e36ee502"},
  "phoenix_swagger": {:hex, :phoenix_swagger, "0.8.3", "298d6204802409d3b0b4fc1013873839478707cf3a62532a9e10fec0e26d0e37", [:mix], [{:ex_json_schema, "~> 0.7.1", [hex: :ex_json_schema, repo: "hexpm", optional: true]}, {:jason, "~> 1.0", [hex: :jason, repo: "hexpm", optional: true]}, {:plug, "~> 1.11", [hex: :plug, repo: "hexpm", optional: false]}, {:poison, "~> 2.2 or ~> 3.0", [hex: :poison, repo: "hexpm", optional: true]}], "hexpm", "3bc0fa9f5b679b8a61b90a52b2c67dd932320e9a84a6f91a4af872a0ab367337"},
  "phoenix_template": {:hex, :phoenix_template, "1.0.4", "e2092c132f3b5e5b2d49c96695342eb36d0ed514c5b252a77048d5969330d639", [:mix], [{:phoenix_html, "~> 2.14.2 or ~> 3.0 or ~> 4.0", [hex: :phoenix_html, repo: "hexpm", optional: true]}], "hexpm", "2c0c81f0e5c6753faf5cca2f229c9709919aba34fab866d3bc05060c9c444206"},
  "phoenix_view": {:hex, :phoenix_view, "2.0.4", "b45c9d9cf15b3a1af5fb555c674b525391b6a1fe975f040fb4d913397b31abf4", [:mix], [{:phoenix_html, "~> 2.14.2 or ~> 3.0 or ~> 4.0", [hex: :phoenix_html, repo: "hexpm", optional: true]}, {:phoenix_template, "~> 1.0", [hex: :phoenix_template, repo: "hexpm", optional: false]}], "hexpm", "4e992022ce14f31fe57335db27a28154afcc94e9983266835bb3040243eb620b"},
  "plug": {:hex, :plug, "1.18.1", "5067f26f7745b7e31bc3368bc1a2b818b9779faa959b49c934c17730efc911cf", [:mix], [{:mime, "~> 1.0 or ~> 2.0", [hex: :mime, repo: "hexpm", optional: false]}, {:plug_crypto, "~> 1.1.1 or ~> 1.2 or ~> 2.0", [hex: :plug_crypto, repo: "hexpm", optional: false]}, {:telemetry, "~> 0.4.3 or ~> 1.0", [hex: :telemetry, repo: "hexpm", optional: false]}], "hexpm", "57a57db70df2b422b564437d2d33cf8d33cd16339c1edb190cd11b1a3a546cc2"},
  "plug_cowboy": {:hex, :plug_cowboy, "2.7.4", "729c752d17cf364e2b8da5bdb34fb5804f56251e88bb602aff48ae0bd8673d11", [:mix], [{:cowboy, "~> 2.7", [hex: :cowboy, repo: "hexpm", optional: false]}, {:cowboy_telemetry, "~> 0.3", [hex: :cowboy_telemetry, repo: "hexpm", optional: false]}, {:plug, "~> 1.14", [hex: :plug, repo: "hexpm", optional: false]}], "hexpm", "9b85632bd7012615bae0a5d70084deb1b25d2bcbb32cab82d1e9a1e023168aa3"},
  "plug_crypto": {:hex, :plug_crypto, "2.1.1", "19bda8184399cb24afa10be734f84a16ea0a2bc65054e23a62bb10f06bc89491", [:mix], [], "hexpm", "6470bce6ffe41c8bd497612ffde1a7e4af67f36a15eea5f921af71cf3e11247c"},
  "postgrex": {:hex, :postgrex, "0.21.1", "2c5cc830ec11e7a0067dd4d623c049b3ef807e9507a424985b8dcf921224cd88", [:mix], [{:db_connection, "~> 2.1", [hex: :db_connection, repo: "hexpm", optional: false]}, {:decimal, "~> 1.5 or ~> 2.0", [hex: :decimal, repo: "hexpm", optional: false]}, {:jason, "~> 1.0", [hex: :jason, repo: "hexpm", optional: true]}, {:table, "~> 0.1.0", [hex: :table, repo: "hexpm", optional: true]}], "hexpm", "27d8d21c103c3cc68851b533ff99eef353e6a0ff98dc444ea751de43eb48bdac"},
  "quantum": {:hex, :quantum, "3.5.3", "ee38838a07761663468145f489ad93e16a79440bebd7c0f90dc1ec9850776d99", [:mix], [{:crontab, "~> 1.1", [hex: :crontab, repo: "hexpm", optional: false]}, {:gen_stage, "~> 0.14 or ~> 1.0", [hex: :gen_stage, repo: "hexpm", optional: false]}, {:telemetry, "~> 0.4.3 or ~> 1.0", [hex: :telemetry, repo: "hexpm", optional: false]}, {:telemetry_registry, "~> 0.2", [hex: :telemetry_registry, repo: "hexpm", optional: false]}], "hexpm", "500fd3fa77dcd723ed9f766d4a175b684919ff7b6b8cfd9d7d0564d58eba8734"},
  "que": {:hex, :que, "0.10.1", "788ed0ec92ed69bdf9cfb29bf41a94ca6355b8d44959bd0669cf706e557ac891", [:mix], [{:ex_utils, "~> 0.1.6", [hex: :ex_utils, repo: "hexpm", optional: false]}, {:memento, "~> 0.3.0", [hex: :memento, repo: "hexpm", optional: false]}], "hexpm", "a737b365253e75dbd24b2d51acc1d851049e87baae08cd0c94e2bc5cd65088d5"},
  "ranch": {:hex, :ranch, "1.8.1", "208169e65292ac5d333d6cdbad49388c1ae198136e4697ae2f474697140f201c", [:make, :rebar3], [], "hexpm", "aed58910f4e21deea992a67bf51632b6d60114895eb03bb392bb733064594dd0"},
  "recase": {:hex, :recase, "0.9.0", "437982693fdfbec125f11c8868eb3b4d32e9aa6995d3a68ac8686f3e2bf5d8d1", [:mix], [], "hexpm", "efa7549ebd128988d1723037a6f6a61948055aec107db6288f1c52830cb6501c"},
  "samly": {:hex, :samly, "1.4.0", "58397eb6ca96bf768655723d378e6468f95f752b547aac1504f126bbd7c9fde8", [:mix], [{:esaml, "~> 4.3", [hex: :esaml, repo: "hexpm", optional: false]}, {:plug, "~> 1.6", [hex: :plug, repo: "hexpm", optional: false]}, {:sweet_xml, "~> 0.6", [hex: :sweet_xml, repo: "hexpm", optional: false]}], "hexpm", "9cc53e043cb4508c3df2f9a4e13bc101a6835aded5cd49ee1c931158f7ce1dd6"},
  "sentry": {:hex, :sentry, "11.0.2", "74cd4005d8ccf45a674113d8415a646690b465e7724cc9b69524fdcd906c5e21", [:mix], [{:hackney, "~> 1.8", [hex: :hackney, repo: "hexpm", optional: true]}, {:igniter, "~> 0.5", [hex: :igniter, repo: "hexpm", optional: true]}, {:jason, "~> 1.1", [hex: :jason, repo: "hexpm", optional: true]}, {:nimble_options, "~> 1.0", [hex: :nimble_options, repo: "hexpm", optional: false]}, {:nimble_ownership, "~> 0.3.0 or ~> 1.0", [hex: :nimble_ownership, repo: "hexpm", optional: false]}, {:opentelemetry, "~> 1.5", [hex: :opentelemetry, repo: "hexpm", optional: true]}, {:opentelemetry_api, "~> 1.4", [hex: :opentelemetry_api, repo: "hexpm", optional: true]}, {:opentelemetry_exporter, "~> 1.0", [hex: :opentelemetry_exporter, repo: "hexpm", optional: true]}, {:opentelemetry_semantic_conventions, "~> 1.27", [hex: :opentelemetry_semantic_conventions, repo: "hexpm", optional: true]}, {:phoenix, "~> 1.6", [hex: :phoenix, repo: "hexpm", optional: true]}, {:phoenix_live_view, "~> 0.20 or ~> 1.0", [hex: :phoenix_live_view, repo: "hexpm", optional: true]}, {:plug, "~> 1.6", [hex: :plug, repo: "hexpm", optional: true]}, {:telemetry, "~> 0.4 or ~> 1.0", [hex: :telemetry, repo: "hexpm", optional: true]}], "hexpm", "e7910d44fdd7b8283e2e0c26ca4074fbe719d98b2783031f4533700d1427f7a7"},
  "ssl_verify_fun": {:hex, :ssl_verify_fun, "1.1.7", "354c321cf377240c7b8716899e182ce4890c5938111a1296add3ec74cf1715df", [:make, :mix, :rebar3], [], "hexpm", "fe4c190e8f37401d30167c8c405eda19469f34577987c76dde613e838bbc67f8"},
  "sweet_xml": {:hex, :sweet_xml, "0.7.5", "803a563113981aaac202a1dbd39771562d0ad31004ddbfc9b5090bdcd5605277", [:mix], [], "hexpm", "193b28a9b12891cae351d81a0cead165ffe67df1b73fe5866d10629f4faefb12"},
  "telemetry": {:hex, :telemetry, "1.3.0", "fedebbae410d715cf8e7062c96a1ef32ec22e764197f70cda73d82778d61e7a2", [:rebar3], [], "hexpm", "7015fc8919dbe63764f4b4b87a95b7c0996bd539e0d499be6ec9d7f3875b79e6"},
  "telemetry_registry": {:hex, :telemetry_registry, "0.3.1", "14a3319a7d9027bdbff7ebcacf1a438f5f5c903057b93aee484cca26f05bdcba", [:mix, :rebar3], [{:telemetry, "~> 1.0", [hex: :telemetry, repo: "hexpm", optional: false]}], "hexpm", "6d0ca77b691cf854ed074b459a93b87f4c7f5512f8f7743c635ca83da81f939e"},
  "timex": {:hex, :timex, "3.7.13", "0688ce11950f5b65e154e42b47bf67b15d3bc0e0c3def62199991b8a8079a1e2", [:mix], [{:combine, "~> 0.10", [hex: :combine, repo: "hexpm", optional: false]}, {:gettext, "~> 0.26", [hex: :gettext, repo: "hexpm", optional: false]}, {:tzdata, "~> 1.1", [hex: :tzdata, repo: "hexpm", optional: false]}], "hexpm", "09588e0522669328e973b8b4fd8741246321b3f0d32735b589f78b136e6d4c54"},
  "tzdata": {:hex, :tzdata, "1.1.3", "b1cef7bb6de1de90d4ddc25d33892b32830f907e7fc2fccd1e7e22778ab7dfbc", [:mix], [{:hackney, "~> 1.17", [hex: :hackney, repo: "hexpm", optional: false]}], "hexpm", "d4ca85575a064d29d4e94253ee95912edfb165938743dbf002acdf0dcecb0c28"},
  "unicode_util_compat": {:hex, :unicode_util_compat, "0.7.1", "a48703a25c170eedadca83b11e88985af08d35f37c6f664d6dcfb106a97782fc", [:rebar3], [], "hexpm", "b3a917854ce3ae233619744ad1e0102e05673136776fb2fa76234f3e03b23642"},
  "websock": {:hex, :websock, "0.5.3", "2f69a6ebe810328555b6fe5c831a851f485e303a7c8ce6c5f675abeb20ebdadc", [:mix], [], "hexpm", "6105453d7fac22c712ad66fab1d45abdf049868f253cf719b625151460b8b453"},
  "websock_adapter": {:hex, :websock_adapter, "0.5.8", "3b97dc94e407e2d1fc666b2fb9acf6be81a1798a2602294aac000260a7c4a47d", [:mix], [{:bandit, ">= 0.6.0", [hex: :bandit, repo: "hexpm", optional: true]}, {:plug, "~> 1.14", [hex: :plug, repo: "hexpm", optional: false]}, {:plug_cowboy, "~> 2.6", [hex: :plug_cowboy, repo: "hexpm", optional: true]}, {:websock, "~> 0.5", [hex: :websock, repo: "hexpm", optional: false]}], "hexpm", "315b9a1865552212b5f35140ad194e67ce31af45bcee443d4ecb96b5fd3f3782"},
  "xml_builder": {:hex, :xml_builder, "2.4.0", "b20d23077266c81f593360dc037ea398461dddb6638a329743da6c73afa56725", [:mix], [], "hexpm", "833e325bb997f032b5a1b740d2fd6feed3c18ca74627f9f5f30513a9ae1a232d"},
}
